{
  "nodes": {
    "androidPkgs": {
      "inputs": {
        "devshell": "devshell",
        "flake-utils": "flake-utils",
        "nixpkgs": "nixpkgs"
      },
      "locked": {
        "lastModified": 1750710155,
        "narHash": "sha256-2lBEwXgclOrSsrhubSfifU91+sXqikC8qbiZ6yFeaEY=",
        "owner": "tadfisher",
        "repo": "android-nixpkgs",
        "rev": "0846fab1f060f646e1017053077ad38dedc5207b",
        "type": "github"
      },
      "original": {
        "owner": "tadfisher",
        "ref": "stable",
        "repo": "android-nixpkgs",
        "type": "github"
      }
    },
    "device_a05s": {
      "flake": false,
      "locked": {
        "lastModified": 1764144469,
        "narHash": "sha256-3S5YsVQ67hBLiARd1eqWcj84SJW7WRwfmq/bgh+iWrU=",
        "owner": "Daru-san",
        "repo": "lineage_device_samsung_a05s",
        "rev": "374b1eb74c3de93eeeb5b5b94a682d8c1f7090ba",
        "type": "github"
      },
      "original": {
        "owner": "Daru-san",
        "repo": "lineage_device_samsung_a05s",
        "type": "github"
      }
    },
    "devshell": {
      "inputs": {
        "nixpkgs": [
          "robotnix",
          "androidPkgs",
          "nixpkgs"
        ]
      },
      "locked": {
        "lastModified": 1741473158,
        "narHash": "sha256-kWNaq6wQUbUMlPgw8Y+9/9wP0F8SHkjy24/mN3UAppg=",
        "owner": "numtide",
        "repo": "devshell",
        "rev": "7c9e793ebe66bcba8292989a68c0419b737a22a0",
        "type": "github"
      },
      "original": {
        "owner": "numtide",
        "repo": "devshell",
        "type": "github"
      }
    },
    "flake-compat": {
      "locked": {
        "lastModified": 1746162366,
        "narHash": "sha256-5SSSZ/oQkwfcAz/o/6TlejlVGqeK08wyREBQ5qFFPhM=",
        "owner": "nix-community",
        "repo": "flake-compat",
        "rev": "0f158086a2ecdbb138cd0429410e44994f1b7e4b",
        "type": "github"
      },
      "original": {
        "owner": "nix-community",
        "repo": "flake-compat",
        "type": "github"
      }
    },
    "flake-utils": {
      "inputs": {
        "systems": "systems"
      },
      "locked": {
        "lastModified": 1731533236,
        "narHash": "sha256-l0KFg5HjrsfsO/JpG+r7fRrqm12kzFHyUHqHCVpMMbI=",
        "owner": "numtide",
        "repo": "flake-utils",
        "rev": "11707dc2f618dd54ca8739b309ec4fc024de578b",
        "type": "github"
      },
      "original": {
        "owner": "numtide",
        "repo": "flake-utils",
        "type": "github"
      }
    },
    "hosts": {
      "flake": false,
      "locked": {
        "lastModified": 1764026853,
        "narHash": "sha256-NMFu5BLTJmo2h8/IcRQClgy0HVbggxVZa64gAkttAzA=",
        "owner": "StevenBlack",
        "repo": "hosts",
        "rev": "5300bf25b363583ceb7d73073652523aa3aadbbe",
        "type": "github"
      },
      "original": {
        "owner": "StevenBlack",
        "repo": "hosts",
        "type": "github"
      }
    },
    "kernel_bengal": {
      "flake": false,
      "locked": {
        "lastModified": 1764109898,
        "narHash": "sha256-pKVEE7HAo8QSAjvH3OcI1iAJzzi69u+4LrlCZ6mm0/M=",
        "owner": "Daru-san",
        "repo": "android_kernel_samsung_a05s",
        "rev": "01e05e52b8af72e4bca7904b7e1abaf11156c666",
        "type": "github"
      },
      "original": {
        "owner": "Daru-san",
        "repo": "android_kernel_samsung_a05s",
        "type": "github"
      }
    },
    "lineage_bengal_common": {
      "flake": false,
      "locked": {
        "lastModified": 1764147317,
        "narHash": "sha256-A+t4u1Bdd8G0otRGVUk751AgO/IttV/j4YSf3oLR7Cs=",
        "owner": "Daru-san",
        "repo": "lineage_device_samsung_bengal-common",
        "rev": "5ae6fbb5cf82e33fa547a1c4cb7cceb09c6182b5",
        "type": "github"
      },
      "original": {
        "owner": "Daru-san",
        "repo": "lineage_device_samsung_bengal-common",
        "type": "github"
      }
    },
    "lineage_hardware_samsung": {
      "flake": false,
      "locked": {
        "lastModified": 1760931331,
        "narHash": "sha256-N4lrcFvfCBjtrfSrzCgLHtppsoSzCJYY7hGLUTp1Faw=",
        "owner": "LineageOS",
        "repo": "android_hardware_samsung",
        "rev": "6ca71e6d1a5ef6460d0988a3e8a49f6b1d0acbc4",
        "type": "github"
      },
      "original": {
        "owner": "LineageOS",
        "ref": "lineage-22.2",
        "repo": "android_hardware_samsung",
        "type": "github"
      }
    },
    "nixpkgs": {
      "locked": {
        "lastModified": 1750506804,
        "narHash": "sha256-VLFNc4egNjovYVxDGyBYTrvVCgDYgENp5bVi9fPTDYc=",
        "owner": "NixOS",
        "repo": "nixpkgs",
        "rev": "4206c4cb56751df534751b058295ea61357bbbaa",
        "type": "github"
      },
      "original": {
        "owner": "NixOS",
        "ref": "nixos-unstable",
        "repo": "nixpkgs",
        "type": "github"
      }
    },
    "nixpkgs_2": {
      "locked": {
        "lastModified": 1750622754,
        "narHash": "sha256-kMhs+YzV4vPGfuTpD3mwzibWUE6jotw5Al2wczI0Pv8=",
        "owner": "NixOS",
        "repo": "nixpkgs",
        "rev": "c7ab75210cb8cb16ddd8f290755d9558edde7ee1",
        "type": "github"
      },
      "original": {
        "owner": "NixOS",
        "ref": "nixos-25.05",
        "repo": "nixpkgs",
        "type": "github"
      }
    },
    "robotnix": {
      "inputs": {
        "androidPkgs": "androidPkgs",
        "flake-compat": "flake-compat",
        "nixpkgs": "nixpkgs_2"
      },
      "locked": {
        "lastModified": 1763899889,
        "narHash": "sha256-X6PfWsnukTa4CQZ34u/Jw+Iz5NlptkooAx81wrHVE3M=",
        "owner": "nix-community",
        "repo": "robotnix",
        "rev": "0b67d10e140555a319d0d91d3369a5e6c73dae58",
        "type": "github"
      },
      "original": {
        "owner": "nix-community",
        "repo": "robotnix",
        "type": "github"
      }
    },
    "root": {
      "inputs": {
        "device_a05s": "device_a05s",
        "hosts": "hosts",
        "kernel_bengal": "kernel_bengal",
        "lineage_bengal_common": "lineage_bengal_common",
        "lineage_hardware_samsung": "lineage_hardware_samsung",
        "robotnix": "robotnix",
        "vendor_a05s": "vendor_a05s"
      }
    },
    "systems": {
      "locked": {
        "lastModified": 1681028828,
        "narHash": "sha256-Vy1rq5AaRuLzOxct8nz4T6wlgyUR7zLU309k9mBC768=",
        "owner": "nix-systems",
        "repo": "default",
        "rev": "da67096a3b9bf56a91d16901293e51ba5b49a27e",
        "type": "github"
      },
      "original": {
        "owner": "nix-systems",
        "repo": "default",
        "type": "github"
      }
    },
    "vendor_a05s": {
      "flake": false,
      "locked": {
        "lastModified": 1764083233,
        "narHash": "sha256-tJ5anjQMYX9aBWWzO9RvdY9evVyjIvkL6EjcOXwXJAA=",
        "owner": "Daru-san",
        "repo": "android_vendor_samsung_bengal_f",
        "rev": "3f18903859d705e0d65679c4ea65770d228937be",
        "type": "github"
      },
      "original": {
        "owner": "Daru-san",
        "repo": "android_vendor_samsung_bengal_f",
        "type": "github"
      }
    }
  },
  "root": "root",
  "version": 7
}
