{
  "nodes": {
    "androidPkgs": {
      "inputs": {
        "devshell": "devshell",
        "flake-utils": "flake-utils",
        "nixpkgs": "nixpkgs"
      },
      "locked": {
        "lastModified": 1750710155,
        "narHash": "sha256-2lBEwXgclOrSsrhubSfifU91+sXqikC8qbiZ6yFeaEY=",
        "owner": "tadfisher",
        "repo": "android-nixpkgs",
        "rev": "0846fab1f060f646e1017053077ad38dedc5207b",
        "type": "github"
      },
      "original": {
        "owner": "tadfisher",
        "ref": "stable",
        "repo": "android-nixpkgs",
        "type": "github"
      }
    },
    "device_a05s": {
      "flake": false,
      "locked": {
        "lastModified": 1742051194,
        "narHash": "sha256-vXn2H9DhC8zoWuon3hI+B8Ahg6Ao6QC2JBFnOgZgvk0=",
        "owner": "galaxy-a05s",
        "repo": "lineage_device_samsung_a05s",
        "rev": "b258f97eaa8d9f88b7cbc0cfb7f547b9e480f2e5",
        "type": "github"
      },
      "original": {
        "owner": "galaxy-a05s",
        "repo": "lineage_device_samsung_a05s",
        "type": "github"
      }
    },
    "devshell": {
      "inputs": {
        "nixpkgs": [
          "robotnix",
          "androidPkgs",
          "nixpkgs"
        ]
      },
      "locked": {
        "lastModified": 1741473158,
        "narHash": "sha256-kWNaq6wQUbUMlPgw8Y+9/9wP0F8SHkjy24/mN3UAppg=",
        "owner": "numtide",
        "repo": "devshell",
        "rev": "7c9e793ebe66bcba8292989a68c0419b737a22a0",
        "type": "github"
      },
      "original": {
        "owner": "numtide",
        "repo": "devshell",
        "type": "github"
      }
    },
    "flake-compat": {
      "locked": {
        "lastModified": 1746162366,
        "narHash": "sha256-5SSSZ/oQkwfcAz/o/6TlejlVGqeK08wyREBQ5qFFPhM=",
        "owner": "nix-community",
        "repo": "flake-compat",
        "rev": "0f158086a2ecdbb138cd0429410e44994f1b7e4b",
        "type": "github"
      },
      "original": {
        "owner": "nix-community",
        "repo": "flake-compat",
        "type": "github"
      }
    },
    "flake-utils": {
      "inputs": {
        "systems": "systems"
      },
      "locked": {
        "lastModified": 1731533236,
        "narHash": "sha256-l0KFg5HjrsfsO/JpG+r7fRrqm12kzFHyUHqHCVpMMbI=",
        "owner": "numtide",
        "repo": "flake-utils",
        "rev": "11707dc2f618dd54ca8739b309ec4fc024de578b",
        "type": "github"
      },
      "original": {
        "owner": "numtide",
        "repo": "flake-utils",
        "type": "github"
      }
    },
    "hosts": {
      "flake": false,
      "locked": {
        "lastModified": 1763769614,
        "narHash": "sha256-7sOoxpT65O3Mks9+xfISuRgx55E6eRdbsDpdMafTq98=",
        "owner": "StevenBlack",
        "repo": "hosts",
        "rev": "21ce4c0266670d4261053afecb0579ef3d7956ed",
        "type": "github"
      },
      "original": {
        "owner": "StevenBlack",
        "repo": "hosts",
        "type": "github"
      }
    },
    "kernel_bengal": {
      "flake": false,
      "locked": {
        "lastModified": 1763804017,
        "narHash": "sha256-sgFrntAHnRk5JcHjETkwjrrFU3pv5WXEvFv/7fOcQXY=",
        "owner": "Daru-san",
        "repo": "android_kernel_samsung_a05s",
        "rev": "f97ae5d91e3d99ffef9c40951d04cd779a421455",
        "type": "github"
      },
      "original": {
        "owner": "Daru-san",
        "repo": "android_kernel_samsung_a05s",
        "type": "github"
      }
    },
    "lineage_bengal_common": {
      "flake": false,
      "locked": {
        "lastModified": 1763800265,
        "narHash": "sha256-Mv5ihbHWlfn5G66SeLGkUsQXS0T4Da5zL9YoAQCi2OY=",
        "owner": "Daru-san",
        "repo": "lineage_device_samsung_bengal-common",
        "rev": "d41bb7ce991cee67f885f1d0861f116f3fe9bd1f",
        "type": "github"
      },
      "original": {
        "owner": "Daru-san",
        "repo": "lineage_device_samsung_bengal-common",
        "type": "github"
      }
    },
    "nixpkgs": {
      "locked": {
        "lastModified": 1750506804,
        "narHash": "sha256-VLFNc4egNjovYVxDGyBYTrvVCgDYgENp5bVi9fPTDYc=",
        "owner": "NixOS",
        "repo": "nixpkgs",
        "rev": "4206c4cb56751df534751b058295ea61357bbbaa",
        "type": "github"
      },
      "original": {
        "owner": "NixOS",
        "ref": "nixos-unstable",
        "repo": "nixpkgs",
        "type": "github"
      }
    },
    "nixpkgs_2": {
      "locked": {
        "lastModified": 1750622754,
        "narHash": "sha256-kMhs+YzV4vPGfuTpD3mwzibWUE6jotw5Al2wczI0Pv8=",
        "owner": "NixOS",
        "repo": "nixpkgs",
        "rev": "c7ab75210cb8cb16ddd8f290755d9558edde7ee1",
        "type": "github"
      },
      "original": {
        "owner": "NixOS",
        "ref": "nixos-25.05",
        "repo": "nixpkgs",
        "type": "github"
      }
    },
    "robotnix": {
      "inputs": {
        "androidPkgs": "androidPkgs",
        "flake-compat": "flake-compat",
        "nixpkgs": "nixpkgs_2"
      },
      "locked": {
        "lastModified": 1763170892,
        "narHash": "sha256-Y4iY5buKRakptbI2kZXHxRFw18EmXaIuzs9N8a8YlE8=",
        "owner": "nix-community",
        "repo": "robotnix",
        "rev": "d8979cdf788cd21488f2d944dd6708bbbaf922ea",
        "type": "github"
      },
      "original": {
        "owner": "nix-community",
        "repo": "robotnix",
        "type": "github"
      }
    },
    "root": {
      "inputs": {
        "device_a05s": "device_a05s",
        "hosts": "hosts",
        "kernel_bengal": "kernel_bengal",
        "lineage_bengal_common": "lineage_bengal_common",
        "robotnix": "robotnix",
        "vendor_a05s": "vendor_a05s"
      }
    },
    "systems": {
      "locked": {
        "lastModified": 1681028828,
        "narHash": "sha256-Vy1rq5AaRuLzOxct8nz4T6wlgyUR7zLU309k9mBC768=",
        "owner": "nix-systems",
        "repo": "default",
        "rev": "da67096a3b9bf56a91d16901293e51ba5b49a27e",
        "type": "github"
      },
      "original": {
        "owner": "nix-systems",
        "repo": "default",
        "type": "github"
      }
    },
    "vendor_a05s": {
      "flake": false,
      "locked": {
        "lastModified": 1763734499,
        "narHash": "sha256-bH0AwX18ko2Jq+z1oNh554ckx28RHHIKhXsghjsfnCM=",
        "owner": "Daru-san",
        "repo": "android_vendor_samsung_bengal_f",
        "rev": "b1badb05968d0a37bc21ae5b0818723e2615d9de",
        "type": "github"
      },
      "original": {
        "owner": "Daru-san",
        "repo": "android_vendor_samsung_bengal_f",
        "type": "github"
      }
    }
  },
  "root": "root",
  "version": 7
}
