{
  "nodes": {
    "androidPkgs": {
      "inputs": {
        "devshell": "devshell",
        "flake-utils": "flake-utils",
        "nixpkgs": "nixpkgs"
      },
      "locked": {
        "lastModified": 1750710155,
        "narHash": "sha256-2lBEwXgclOrSsrhubSfifU91+sXqikC8qbiZ6yFeaEY=",
        "owner": "tadfisher",
        "repo": "android-nixpkgs",
        "rev": "0846fab1f060f646e1017053077ad38dedc5207b",
        "type": "github"
      },
      "original": {
        "owner": "tadfisher",
        "ref": "stable",
        "repo": "android-nixpkgs",
        "type": "github"
      }
    },
    "device_a05s": {
      "flake": false,
      "locked": {
        "lastModified": 1764075380,
        "narHash": "sha256-4G4B6dFzBO++VUcPezKWR0jG1sJ84k34YKlZMHeZibA=",
        "owner": "Daru-san",
        "repo": "lineage_device_samsung_a05s",
        "rev": "de9d78379eb046dbd5656e7cd8f8541ef7821621",
        "type": "github"
      },
      "original": {
        "owner": "Daru-san",
        "repo": "lineage_device_samsung_a05s",
        "type": "github"
      }
    },
    "devshell": {
      "inputs": {
        "nixpkgs": [
          "robotnix",
          "androidPkgs",
          "nixpkgs"
        ]
      },
      "locked": {
        "lastModified": 1741473158,
        "narHash": "sha256-kWNaq6wQUbUMlPgw8Y+9/9wP0F8SHkjy24/mN3UAppg=",
        "owner": "numtide",
        "repo": "devshell",
        "rev": "7c9e793ebe66bcba8292989a68c0419b737a22a0",
        "type": "github"
      },
      "original": {
        "owner": "numtide",
        "repo": "devshell",
        "type": "github"
      }
    },
    "flake-compat": {
      "locked": {
        "lastModified": 1746162366,
        "narHash": "sha256-5SSSZ/oQkwfcAz/o/6TlejlVGqeK08wyREBQ5qFFPhM=",
        "owner": "nix-community",
        "repo": "flake-compat",
        "rev": "0f158086a2ecdbb138cd0429410e44994f1b7e4b",
        "type": "github"
      },
      "original": {
        "owner": "nix-community",
        "repo": "flake-compat",
        "type": "github"
      }
    },
    "flake-utils": {
      "inputs": {
        "systems": "systems"
      },
      "locked": {
        "lastModified": 1731533236,
        "narHash": "sha256-l0KFg5HjrsfsO/JpG+r7fRrqm12kzFHyUHqHCVpMMbI=",
        "owner": "numtide",
        "repo": "flake-utils",
        "rev": "11707dc2f618dd54ca8739b309ec4fc024de578b",
        "type": "github"
      },
      "original": {
        "owner": "numtide",
        "repo": "flake-utils",
        "type": "github"
      }
    },
    "hosts": {
      "flake": false,
      "locked": {
        "lastModified": 1764026853,
        "narHash": "sha256-NMFu5BLTJmo2h8/IcRQClgy0HVbggxVZa64gAkttAzA=",
        "owner": "StevenBlack",
        "repo": "hosts",
        "rev": "5300bf25b363583ceb7d73073652523aa3aadbbe",
        "type": "github"
      },
      "original": {
        "owner": "StevenBlack",
        "repo": "hosts",
        "type": "github"
      }
    },
    "kernel_bengal": {
      "flake": false,
      "locked": {
        "lastModified": 1763820417,
        "narHash": "sha256-5WvWHjljMW7fz22jcpevsJC63tZWI6hR+s8YiWtPLrg=",
        "owner": "Daru-san",
        "repo": "android_kernel_samsung_a05s",
        "rev": "5e5c95fedc79947c592818e2f461c860bd13c357",
        "type": "github"
      },
      "original": {
        "owner": "Daru-san",
        "repo": "android_kernel_samsung_a05s",
        "type": "github"
      }
    },
    "lineage_bengal_common": {
      "flake": false,
      "locked": {
        "lastModified": 1764073661,
        "narHash": "sha256-F5yYpq3tOiPJoFGu+0S9Rko9ULp1CHLd1OfMo7pyiNg=",
        "owner": "Daru-san",
        "repo": "lineage_device_samsung_bengal-common",
        "rev": "768621cea8aabd5146c065201d67840f107d5d26",
        "type": "github"
      },
      "original": {
        "owner": "Daru-san",
        "repo": "lineage_device_samsung_bengal-common",
        "type": "github"
      }
    },
    "lineage_hardware_samsung": {
      "flake": false,
      "locked": {
        "lastModified": 1760931331,
        "narHash": "sha256-N4lrcFvfCBjtrfSrzCgLHtppsoSzCJYY7hGLUTp1Faw=",
        "owner": "LineageOS",
        "repo": "android_hardware_samsung",
        "rev": "6ca71e6d1a5ef6460d0988a3e8a49f6b1d0acbc4",
        "type": "github"
      },
      "original": {
        "owner": "LineageOS",
        "ref": "lineage-22.2",
        "repo": "android_hardware_samsung",
        "type": "github"
      }
    },
    "nixpkgs": {
      "locked": {
        "lastModified": 1750506804,
        "narHash": "sha256-VLFNc4egNjovYVxDGyBYTrvVCgDYgENp5bVi9fPTDYc=",
        "owner": "NixOS",
        "repo": "nixpkgs",
        "rev": "4206c4cb56751df534751b058295ea61357bbbaa",
        "type": "github"
      },
      "original": {
        "owner": "NixOS",
        "ref": "nixos-unstable",
        "repo": "nixpkgs",
        "type": "github"
      }
    },
    "nixpkgs_2": {
      "locked": {
        "lastModified": 1750622754,
        "narHash": "sha256-kMhs+YzV4vPGfuTpD3mwzibWUE6jotw5Al2wczI0Pv8=",
        "owner": "NixOS",
        "repo": "nixpkgs",
        "rev": "c7ab75210cb8cb16ddd8f290755d9558edde7ee1",
        "type": "github"
      },
      "original": {
        "owner": "NixOS",
        "ref": "nixos-25.05",
        "repo": "nixpkgs",
        "type": "github"
      }
    },
    "robotnix": {
      "inputs": {
        "androidPkgs": "androidPkgs",
        "flake-compat": "flake-compat",
        "nixpkgs": "nixpkgs_2"
      },
      "locked": {
        "lastModified": 1763899889,
        "narHash": "sha256-X6PfWsnukTa4CQZ34u/Jw+Iz5NlptkooAx81wrHVE3M=",
        "owner": "nix-community",
        "repo": "robotnix",
        "rev": "0b67d10e140555a319d0d91d3369a5e6c73dae58",
        "type": "github"
      },
      "original": {
        "owner": "nix-community",
        "repo": "robotnix",
        "type": "github"
      }
    },
    "root": {
      "inputs": {
        "device_a05s": "device_a05s",
        "hosts": "hosts",
        "kernel_bengal": "kernel_bengal",
        "lineage_bengal_common": "lineage_bengal_common",
        "lineage_hardware_samsung": "lineage_hardware_samsung",
        "robotnix": "robotnix",
        "vendor_a05s": "vendor_a05s"
      }
    },
    "systems": {
      "locked": {
        "lastModified": 1681028828,
        "narHash": "sha256-Vy1rq5AaRuLzOxct8nz4T6wlgyUR7zLU309k9mBC768=",
        "owner": "nix-systems",
        "repo": "default",
        "rev": "da67096a3b9bf56a91d16901293e51ba5b49a27e",
        "type": "github"
      },
      "original": {
        "owner": "nix-systems",
        "repo": "default",
        "type": "github"
      }
    },
    "vendor_a05s": {
      "flake": false,
      "locked": {
        "lastModified": 1764069212,
        "narHash": "sha256-AzzB/ludZxUvVBErKxj2Oi5wL4QBvhFCK4P7JjM+5I4=",
        "owner": "Daru-san",
        "repo": "android_vendor_samsung_bengal_f",
        "rev": "ad35c3ac991731479ee1db9943bb5bc5fcf5c99f",
        "type": "github"
      },
      "original": {
        "owner": "Daru-san",
        "repo": "android_vendor_samsung_bengal_f",
        "type": "github"
      }
    }
  },
  "root": "root",
  "version": 7
}
